# This is a Gradle generated file for dependency locking.
# Manual edits can break the build and are not advised.
# This file is expected to be part of source control.
antlr:antlr:2.7.7=runtimeClasspath
app.revanced:apktool-lib:2.10.1.1=runtimeClasspath
app.revanced:brut.j.common:2.10.1.1=runtimeClasspath
app.revanced:brut.j.dir:2.10.1.1=runtimeClasspath
app.revanced:brut.j.util:2.10.1.1=runtimeClasspath
app.revanced:brut.j.xml:2.10.1.1=runtimeClasspath
app.revanced:multidexlib2:3.0.3.r3=runtimeClasspath
app.revanced:patcher-jvm:22.0.1=compileClasspath,runtimeClasspath
app.revanced:patcher:22.0.1=compileClasspath,runtimeClasspath
com.android.tools.smali:smali-baksmali:3.0.8=runtimeClasspath
com.android.tools.smali:smali-dexlib2:3.0.9=compileClasspath,runtimeClasspath
com.android.tools.smali:smali-util:3.0.9=runtimeClasspath
com.android.tools.smali:smali:3.0.9=compileClasspath,runtimeClasspath
com.beust:jcommander:1.64=runtimeClasspath
com.google.code.findbugs:jsr305:3.0.2=runtimeClasspath
com.google.errorprone:error_prone_annotations:2.28.0=runtimeClasspath
com.google.guava:failureaccess:1.0.2=runtimeClasspath
com.google.guava:guava:33.3.1-jre=runtimeClasspath
com.google.guava:listenablefuture:9999.0-empty-to-avoid-conflict-with-guava=runtimeClasspath
com.google.j2objc:j2objc-annotations:3.0.0=runtimeClasspath
commons-io:commons-io:2.18.0=runtimeClasspath
org.antlr:ST4:4.0.8=compileClasspath,runtimeClasspath
org.antlr:antlr-runtime:3.5.2=compileClasspath,runtimeClasspath
org.antlr:antlr:3.5.2=compileClasspath,runtimeClasspath
org.antlr:stringtemplate:3.2.1=runtimeClasspath
org.apache.commons:commons-lang3:3.18.0=runtimeClasspath
org.apache.commons:commons-text:1.12.0=runtimeClasspath
org.checkerframework:checker-qual:3.43.0=runtimeClasspath
org.jetbrains.kotlin:kotlin-reflect:2.3.10=runtimeClasspath
org.jetbrains.kotlin:kotlin-stdlib:2.3.10=compileClasspath,runtimeClasspath
org.jetbrains:annotations:13.0=compileClasspath,runtimeClasspath
xmlpull:xmlpull:1.1.3.1=runtimeClasspath
empty=
